
Microsoft Visual Studio Solution File, Format Version 12.00
# Visual Studio Version 16
VisualStudioVersion = 16.0.30804.86
MinimumVisualStudioVersion = 10.0.40219.1
Project("{9A19103F-16F7-4668-BE54-9A1E7A4F7556}") = "EducationPortal.UI", "EducationPortal\EducationPortal.UI.csproj", "{EB3BB638-E9D7-4759-836C-5A1FEDFB9B34}"
EndProject
Project("{9A19103F-16F7-4668-BE54-9A1E7A4F7556}") = "EducationPortal.BLL", "EducationPortal.BusinessLogicLayer\EducationPortal.BLL.csproj", "{0D2DCA83-A269-4FFF-8860-04CFB35AA6AF}"
EndProject
Project("{9A19103F-16F7-4668-BE54-9A1E7A4F7556}") = "EducationPortal.Core", "EducationPortal.Core\EducationPortal.Core.csproj", "{5EB128D0-CF16-44DB-B62D-535D72B09A52}"
EndProject
Project("{9A19103F-16F7-4668-BE54-9A1E7A4F7556}") = "EducationPortal.DAL.EFCore", "EducationPortal.DAL.EFCore\EducationPortal.DAL.EFCore.csproj", "{66D97AC6-2ED6-40EE-93BB-76CDB8D224EF}"
EndProject
Project("{9A19103F-16F7-4668-BE54-9A1E7A4F7556}") = "EducationPortal.DAL.FileDb", "EducationPortal.DAL.FileDb\EducationPortal.DAL.FileDb.csproj", "{9FBA9332-66FA-4F50-850C-963AEAE3AFBF}"
EndProject
Global
	GlobalSection(SolutionConfigurationPlatforms) = preSolution
		Debug|Any CPU = Debug|Any CPU
		Release|Any CPU = Release|Any CPU
	EndGlobalSection
	GlobalSection(ProjectConfigurationPlatforms) = postSolution
		{EB3BB638-E9D7-4759-836C-5A1FEDFB9B34}.Debug|Any CPU.ActiveCfg = Debug|Any CPU
		{EB3BB638-E9D7-4759-836C-5A1FEDFB9B34}.Debug|Any CPU.Build.0 = Debug|Any CPU
		{EB3BB638-E9D7-4759-836C-5A1FEDFB9B34}.Release|Any CPU.ActiveCfg = Release|Any CPU
		{EB3BB638-E9D7-4759-836C-5A1FEDFB9B34}.Release|Any CPU.Build.0 = Release|Any CPU
		{0D2DCA83-A269-4FFF-8860-04CFB35AA6AF}.Debug|Any CPU.ActiveCfg = Debug|Any CPU
		{0D2DCA83-A269-4FFF-8860-04CFB35AA6AF}.Debug|Any CPU.Build.0 = Debug|Any CPU
		{0D2DCA83-A269-4FFF-8860-04CFB35AA6AF}.Release|Any CPU.ActiveCfg = Release|Any CPU
		{0D2DCA83-A269-4FFF-8860-04CFB35AA6AF}.Release|Any CPU.Build.0 = Release|Any CPU
		{5EB128D0-CF16-44DB-B62D-535D72B09A52}.Debug|Any CPU.ActiveCfg = Debug|Any CPU
		{5EB128D0-CF16-44DB-B62D-535D72B09A52}.Debug|Any CPU.Build.0 = Debug|Any CPU
		{5EB128D0-CF16-44DB-B62D-535D72B09A52}.Release|Any CPU.ActiveCfg = Release|Any CPU
		{5EB128D0-CF16-44DB-B62D-535D72B09A52}.Release|Any CPU.Build.0 = Release|Any CPU
		{66D97AC6-2ED6-40EE-93BB-76CDB8D224EF}.Debug|Any CPU.ActiveCfg = Debug|Any CPU
		{66D97AC6-2ED6-40EE-93BB-76CDB8D224EF}.Debug|Any CPU.Build.0 = Debug|Any CPU
		{66D97AC6-2ED6-40EE-93BB-76CDB8D224EF}.Release|Any CPU.ActiveCfg = Release|Any CPU
		{66D97AC6-2ED6-40EE-93BB-76CDB8D224EF}.Release|Any CPU.Build.0 = Release|Any CPU
		{9FBA9332-66FA-4F50-850C-963AEAE3AFBF}.Debug|Any CPU.ActiveCfg = Debug|Any CPU
		{9FBA9332-66FA-4F50-850C-963AEAE3AFBF}.Debug|Any CPU.Build.0 = Debug|Any CPU
		{9FBA9332-66FA-4F50-850C-963AEAE3AFBF}.Release|Any CPU.ActiveCfg = Release|Any CPU
		{9FBA9332-66FA-4F50-850C-963AEAE3AFBF}.Release|Any CPU.Build.0 = Release|Any CPU
	EndGlobalSection
	GlobalSection(SolutionProperties) = preSolution
		HideSolutionNode = FALSE
	EndGlobalSection
	GlobalSection(ExtensibilityGlobals) = postSolution
		SolutionGuid = {4E1B548E-D742-4147-9CEA-AE377AFBAC91}
	EndGlobalSection
EndGlobal
